
Microsoft Visual Studio Solution File, Format Version 12.00
# Visual Studio 15
VisualStudioVersion = 15.0.28307.1525
MinimumVisualStudioVersion = 10.0.40219.1
Project("{FAE04EC0-301F-11D3-BF4B-00C04F79EFBC}") = "Alarme", "Alarme\Alarme.csproj", "{EA9DBD7F-FF3B-40F2-9A93-764BB41BDA22}"
EndProject
Global
	GlobalSection(SolutionConfigurationPlatforms) = preSolution
		Debug|Any CPU = Debug|Any CPU
		Release|Any CPU = Release|Any CPU
	EndGlobalSection
	GlobalSection(ProjectConfigurationPlatforms) = postSolution
		{EA9DBD7F-FF3B-40F2-9A93-764BB41BDA22}.Debug|Any CPU.ActiveCfg = Debug|Any CPU
		{EA9DBD7F-FF3B-40F2-9A93-764BB41BDA22}.Debug|Any CPU.Build.0 = Debug|Any CPU
		{EA9DBD7F-FF3B-40F2-9A93-764BB41BDA22}.Release|Any CPU.ActiveCfg = Release|Any CPU
		{EA9DBD7F-FF3B-40F2-9A93-764BB41BDA22}.Release|Any CPU.Build.0 = Release|Any CPU
	EndGlobalSection
	GlobalSection(SolutionProperties) = preSolution
		HideSolutionNode = FALSE
	EndGlobalSection
	GlobalSection(ExtensibilityGlobals) = postSolution
		SolutionGuid = {0945DB38-F853-4FA1-8586-C1B49EBACB14}
	EndGlobalSection
EndGlobal
